
Microsoft Visual Studio Solution File, Format Version 12.00
# Visual Studio Version 16
VisualStudioVersion = 16.0.32106.194
MinimumVisualStudioVersion = 10.0.40219.1
Project("{FAE04EC0-301F-11D3-BF4B-00C04F79EFBC}") = "WebApi", "WebApi\WebApi.csproj", "{8883AF4B-739C-45A0-BB3B-44723FBECEEB}"
EndProject
Project("{2150E333-8FDC-42A3-9474-1A3956D46DE8}") = "1 - API", "1 - API", "{AFF387D9-3F5A-40C9-8706-B73C91A021AC}"
EndProject
Project("{2150E333-8FDC-42A3-9474-1A3956D46DE8}") = "4 - Entities", "4 - Entities", "{618AD036-6C35-4843-89B0-E5E573E1B088}"
EndProject
Project("{FAE04EC0-301F-11D3-BF4B-00C04F79EFBC}") = "Entities", "Entities\Entities.csproj", "{736955A2-5D6A-4EFA-B06B-1FA5289F725E}"
EndProject
Project("{2150E333-8FDC-42A3-9474-1A3956D46DE8}") = "6 - Projeto Banco de Dados", "6 - Projeto Banco de Dados", "{CCF34884-E3EC-4280-AF1E-11DC9D1D4EB2}"
EndProject
Project("{00D1A9C2-B5F0-4AF3-8072-F6C62B433612}") = "ProjetoSQL", "ProjetoSQL\ProjetoSQL.sqlproj", "{5974186E-06AE-49E5-BF93-7AF2EF1CC737}"
EndProject
Project("{2150E333-8FDC-42A3-9474-1A3956D46DE8}") = "2 - DataAccess", "2 - DataAccess", "{9F08AFBE-48FC-4FF0-B12E-79B8A12A9A46}"
EndProject
Project("{FAE04EC0-301F-11D3-BF4B-00C04F79EFBC}") = "DataAccess", "DataAccess\DataAccess.csproj", "{C93B8893-00C3-480E-B134-782453D30F63}"
EndProject
Project("{2150E333-8FDC-42A3-9474-1A3956D46DE8}") = "5 - Helpers", "5 - Helpers", "{F0B84FA6-FF09-4E43-9E02-96976B102F5E}"
EndProject
Project("{FAE04EC0-301F-11D3-BF4B-00C04F79EFBC}") = "Helpers", "Helpers\Helpers.csproj", "{7A1AD6F8-51A1-4986-B239-99569B69AC9F}"
EndProject
Project("{2150E333-8FDC-42A3-9474-1A3956D46DE8}") = "7 - DLLs", "7 - DLLs", "{7F4DB2A6-2B45-48F9-B6E4-DFB5117A6771}"
	ProjectSection(SolutionItems) = preProject
		..\..\..\TradutorIpsos\BackEnd\Portal.WebApi\bin\CaminhoWS.xml = ..\..\..\TradutorIpsos\BackEnd\Portal.WebApi\bin\CaminhoWS.xml
		..\..\..\TradutorIpsos\BackEnd\Portal.WebApi\bin\SisConn.dll = ..\..\..\TradutorIpsos\BackEnd\Portal.WebApi\bin\SisConn.dll
		..\..\..\TradutorIpsos\BackEnd\Portal.WebApi\bin\WebCore.dll = ..\..\..\TradutorIpsos\BackEnd\Portal.WebApi\bin\WebCore.dll
	EndProjectSection
EndProject
Project("{2150E333-8FDC-42A3-9474-1A3956D46DE8}") = "3 - Business", "3 - Business", "{FB809FC4-3F9C-4A16-AF2E-711DA7E10903}"
EndProject
Project("{FAE04EC0-301F-11D3-BF4B-00C04F79EFBC}") = "Business", "Business\Business.csproj", "{F34043E2-9524-4C4A-8347-D9D78C4D8BEE}"
EndProject
Global
	GlobalSection(SolutionConfigurationPlatforms) = preSolution
		Debug|Any CPU = Debug|Any CPU
		Release|Any CPU = Release|Any CPU
	EndGlobalSection
	GlobalSection(ProjectConfigurationPlatforms) = postSolution
		{8883AF4B-739C-45A0-BB3B-44723FBECEEB}.Debug|Any CPU.ActiveCfg = Debug|Any CPU
		{8883AF4B-739C-45A0-BB3B-44723FBECEEB}.Debug|Any CPU.Build.0 = Debug|Any CPU
		{8883AF4B-739C-45A0-BB3B-44723FBECEEB}.Release|Any CPU.ActiveCfg = Release|Any CPU
		{8883AF4B-739C-45A0-BB3B-44723FBECEEB}.Release|Any CPU.Build.0 = Release|Any CPU
		{736955A2-5D6A-4EFA-B06B-1FA5289F725E}.Debug|Any CPU.ActiveCfg = Debug|Any CPU
		{736955A2-5D6A-4EFA-B06B-1FA5289F725E}.Debug|Any CPU.Build.0 = Debug|Any CPU
		{736955A2-5D6A-4EFA-B06B-1FA5289F725E}.Release|Any CPU.ActiveCfg = Release|Any CPU
		{736955A2-5D6A-4EFA-B06B-1FA5289F725E}.Release|Any CPU.Build.0 = Release|Any CPU
		{5974186E-06AE-49E5-BF93-7AF2EF1CC737}.Debug|Any CPU.ActiveCfg = Debug|Any CPU
		{5974186E-06AE-49E5-BF93-7AF2EF1CC737}.Debug|Any CPU.Build.0 = Debug|Any CPU
		{5974186E-06AE-49E5-BF93-7AF2EF1CC737}.Debug|Any CPU.Deploy.0 = Debug|Any CPU
		{5974186E-06AE-49E5-BF93-7AF2EF1CC737}.Release|Any CPU.ActiveCfg = Release|Any CPU
		{5974186E-06AE-49E5-BF93-7AF2EF1CC737}.Release|Any CPU.Build.0 = Release|Any CPU
		{5974186E-06AE-49E5-BF93-7AF2EF1CC737}.Release|Any CPU.Deploy.0 = Release|Any CPU
		{C93B8893-00C3-480E-B134-782453D30F63}.Debug|Any CPU.ActiveCfg = Debug|Any CPU
		{C93B8893-00C3-480E-B134-782453D30F63}.Debug|Any CPU.Build.0 = Debug|Any CPU
		{C93B8893-00C3-480E-B134-782453D30F63}.Release|Any CPU.ActiveCfg = Release|Any CPU
		{C93B8893-00C3-480E-B134-782453D30F63}.Release|Any CPU.Build.0 = Release|Any CPU
		{7A1AD6F8-51A1-4986-B239-99569B69AC9F}.Debug|Any CPU.ActiveCfg = Debug|Any CPU
		{7A1AD6F8-51A1-4986-B239-99569B69AC9F}.Debug|Any CPU.Build.0 = Debug|Any CPU
		{7A1AD6F8-51A1-4986-B239-99569B69AC9F}.Release|Any CPU.ActiveCfg = Release|Any CPU
		{7A1AD6F8-51A1-4986-B239-99569B69AC9F}.Release|Any CPU.Build.0 = Release|Any CPU
		{F34043E2-9524-4C4A-8347-D9D78C4D8BEE}.Debug|Any CPU.ActiveCfg = Debug|Any CPU
		{F34043E2-9524-4C4A-8347-D9D78C4D8BEE}.Debug|Any CPU.Build.0 = Debug|Any CPU
		{F34043E2-9524-4C4A-8347-D9D78C4D8BEE}.Release|Any CPU.ActiveCfg = Release|Any CPU
		{F34043E2-9524-4C4A-8347-D9D78C4D8BEE}.Release|Any CPU.Build.0 = Release|Any CPU
	EndGlobalSection
	GlobalSection(SolutionProperties) = preSolution
		HideSolutionNode = FALSE
	EndGlobalSection
	GlobalSection(NestedProjects) = preSolution
		{8883AF4B-739C-45A0-BB3B-44723FBECEEB} = {AFF387D9-3F5A-40C9-8706-B73C91A021AC}
		{736955A2-5D6A-4EFA-B06B-1FA5289F725E} = {618AD036-6C35-4843-89B0-E5E573E1B088}
		{5974186E-06AE-49E5-BF93-7AF2EF1CC737} = {CCF34884-E3EC-4280-AF1E-11DC9D1D4EB2}
		{C93B8893-00C3-480E-B134-782453D30F63} = {9F08AFBE-48FC-4FF0-B12E-79B8A12A9A46}
		{7A1AD6F8-51A1-4986-B239-99569B69AC9F} = {F0B84FA6-FF09-4E43-9E02-96976B102F5E}
		{F34043E2-9524-4C4A-8347-D9D78C4D8BEE} = {FB809FC4-3F9C-4A16-AF2E-711DA7E10903}
	EndGlobalSection
	GlobalSection(ExtensibilityGlobals) = postSolution
		SolutionGuid = {34F10492-7FE3-477E-BF4D-77D13388348A}
	EndGlobalSection
EndGlobal
